
Microsoft Visual Studio Solution File, Format Version 11.00
# Visual Studio 2010
Project("{FAE04EC0-301F-11D3-BF4B-00C04F79EFBC}") = "TwinCAT.Ads", "TwinCAT.Ads.csproj", "{623C33E7-0549-4F8B-8A6D-F6D28102AEEB}"
EndProject
Global
	GlobalSection(SolutionConfigurationPlatforms) = preSolution
		Debug|Any CPU = Debug|Any CPU
		Release|Any CPU = Release|Any CPU
	EndGlobalSection
	GlobalSection(ProjectConfigurationPlatforms) = postSolution
		{623C33E7-0549-4F8B-8A6D-F6D28102AEEB}.Debug|Any CPU.ActiveCfg = Debug|Any CPU
		{623C33E7-0549-4F8B-8A6D-F6D28102AEEB}.Debug|Any CPU.Build.0 = Debug|Any CPU
		{623C33E7-0549-4F8B-8A6D-F6D28102AEEB}.Release|Any CPU.ActiveCfg = Release|Any CPU
		{623C33E7-0549-4F8B-8A6D-F6D28102AEEB}.Release|Any CPU.Build.0 = Release|Any CPU
	EndGlobalSection
	GlobalSection(SolutionProperties) = preSolution
		HideSolutionNode = FALSE
	EndGlobalSection
EndGlobal
